
Microsoft Visual Studio Solution File, Format Version 12.00
Project("{FAE04EC0-301F-11D3-BF4B-00C04F79EFBC}") = "lb3", "lb3\lb3.csproj", "{FA988DF5-22A8-4C39-AF0A-031605CB8F57}"
EndProject
Global
	GlobalSection(SolutionConfigurationPlatforms) = preSolution
		Debug|Any CPU = Debug|Any CPU
		Release|Any CPU = Release|Any CPU
	EndGlobalSection
	GlobalSection(ProjectConfigurationPlatforms) = postSolution
		{FA988DF5-22A8-4C39-AF0A-031605CB8F57}.Debug|Any CPU.ActiveCfg = Debug|Any CPU
		{FA988DF5-22A8-4C39-AF0A-031605CB8F57}.Debug|Any CPU.Build.0 = Debug|Any CPU
		{FA988DF5-22A8-4C39-AF0A-031605CB8F57}.Release|Any CPU.ActiveCfg = Release|Any CPU
		{FA988DF5-22A8-4C39-AF0A-031605CB8F57}.Release|Any CPU.Build.0 = Release|Any CPU
	EndGlobalSection
EndGlobal
